<?xml version="1.0" encoding="utf-8"?>
<Project ToolsVersion="4.0" xmlns="http://schemas.microsoft.com/developer/msbuild/2003">
  <ItemGroup>
    <Filter Include="Source Files">
      <UniqueIdentifier>{4FC737F1-C7A5-4376-A066-2A32D752A2FF}</UniqueIdentifier>
      <Extensions>cpp;c;cc;cxx;c++;cppm;ixx;def;odl;idl;hpj;bat;asm;asmx</Extensions>
    </Filter>
    <Filter Include="Header Files">
      <UniqueIdentifier>{93995380-89BD-4b04-88EB-625FBE52EBFB}</UniqueIdentifier>
      <Extensions>h;hh;hpp;hxx;h++;hm;inl;inc;ipp;xsd</Extensions>
    </Filter>
    <Filter Include="Resource Files">
      <UniqueIdentifier>{67DA6AB6-F800-4c08-8B7A-83BB121AAD01}</UniqueIdentifier>
      <Extensions>rc;ico;cur;bmp;dlg;rc2;rct;bin;rgs;gif;jpg;jpeg;jpe;resx;tiff;tif;png;wav;mfcribbon-ms</Extensions>
    </Filter>
    <Filter Include="Source Files\Layers">
      <UniqueIdentifier>{e1eff1f1-5c60-4fe3-b796-c7ccc7e08ca5}</UniqueIdentifier>
    </Filter>
    <Filter Include="Source Files\Layers\GNC">
      <UniqueIdentifier>{05f70cd3-d8d1-4355-9a13-adb7ad74a8e6}</UniqueIdentifier>
    </Filter>
    <Filter Include="Source Files\Layers\HAL">
      <UniqueIdentifier>{7894d545-2acc-440e-9c89-91fc5edea565}</UniqueIdentifier>
    </Filter>
    <Filter Include="Source Files\Layers\HAL\Producers">
      <UniqueIdentifier>{47bca040-9407-4780-a0c1-ab63c5409de0}</UniqueIdentifier>
    </Filter>
  </ItemGroup>
  <ItemGroup>
    <ClInclude Include="framework.h">
      <Filter>Header Files</Filter>
    </ClInclude>
    <ClInclude Include="pch.h">
      <Filter>Header Files</Filter>
    </ClInclude>
    <ClInclude Include="EigenTest.h">
      <Filter>Header Files</Filter>
    </ClInclude>
  </ItemGroup>
  <ItemGroup>
    <ClCompile Include="dllmain.cpp">
      <Filter>Source Files</Filter>
    </ClCompile>
    <ClCompile Include="pch.cpp">
      <Filter>Source Files</Filter>
    </ClCompile>
    <ClCompile Include="GuidedMissile.cpp">
      <Filter>Source Files</Filter>
    </ClCompile>
    <ClCompile Include="dead_reckoning.cpp">
      <Filter>Source Files\Layers\GNC</Filter>
    </ClCompile>
    <ClCompile Include="master.cpp">
      <Filter>Source Files\Layers\GNC</Filter>
    </ClCompile>
    <ClCompile Include="missile_predictor.cpp">
      <Filter>Source Files\Layers\GNC</Filter>
    </ClCompile>
    <ClCompile Include="proportional_navigation.cpp">
      <Filter>Source Files\Layers\GNC</Filter>
    </ClCompile>
    <ClCompile Include="missile_data.cpp">
      <Filter>Source Files\Layers\HAL\Producers</Filter>
    </ClCompile>
    <ClCompile Include="target_data.cpp">
      <Filter>Source Files\Layers\HAL\Producers</Filter>
    </ClCompile>
  </ItemGroup>
</Project>